
Microsoft Visual Studio Solution File, Format Version 12.00
# Visual Studio Version 17
VisualStudioVersion = 17.3.32819.101
MinimumVisualStudioVersion = 10.0.40219.1
Project("{FAE04EC0-301F-11D3-BF4B-00C04F79EFBC}") = "HomeWorkOOP6", "HomeWorkOOP6.csproj", "{765B23F8-2D15-4346-BF87-E7055BA0CC86}"
EndProject
Global
	GlobalSection(SolutionConfigurationPlatforms) = preSolution
		Debug|Any CPU = Debug|Any CPU
		Release|Any CPU = Release|Any CPU
	EndGlobalSection
	GlobalSection(ProjectConfigurationPlatforms) = postSolution
		{765B23F8-2D15-4346-BF87-E7055BA0CC86}.Debug|Any CPU.ActiveCfg = Debug|Any CPU
		{765B23F8-2D15-4346-BF87-E7055BA0CC86}.Debug|Any CPU.Build.0 = Debug|Any CPU
		{765B23F8-2D15-4346-BF87-E7055BA0CC86}.Release|Any CPU.ActiveCfg = Release|Any CPU
		{765B23F8-2D15-4346-BF87-E7055BA0CC86}.Release|Any CPU.Build.0 = Release|Any CPU
	EndGlobalSection
	GlobalSection(SolutionProperties) = preSolution
		HideSolutionNode = FALSE
	EndGlobalSection
	GlobalSection(ExtensibilityGlobals) = postSolution
		SolutionGuid = {52D46655-CC58-4E24-85B4-C3B9EE2336FF}
	EndGlobalSection
EndGlobal
